
Microsoft Visual Studio Solution File, Format Version 12.00
# Visual Studio Version 17
VisualStudioVersion = 17.14.36414.22 d17.14
MinimumVisualStudioVersion = 10.0.40219.1
Project("{FAE04EC0-301F-11D3-BF4B-00C04F79EFBC}") = "ChallengeQa", "challenge-qa\ChallengeQa.csproj", "{6C55A95D-AE40-4367-AAC4-4861AA33BBCB}"
EndProject
Global
	GlobalSection(SolutionConfigurationPlatforms) = preSolution
		Debug|Any CPU = Debug|Any CPU
		Release|Any CPU = Release|Any CPU
	EndGlobalSection
	GlobalSection(ProjectConfigurationPlatforms) = postSolution
		{6C55A95D-AE40-4367-AAC4-4861AA33BBCB}.Debug|Any CPU.ActiveCfg = Debug|Any CPU
		{6C55A95D-AE40-4367-AAC4-4861AA33BBCB}.Debug|Any CPU.Build.0 = Debug|Any CPU
		{6C55A95D-AE40-4367-AAC4-4861AA33BBCB}.Release|Any CPU.ActiveCfg = Release|Any CPU
		{6C55A95D-AE40-4367-AAC4-4861AA33BBCB}.Release|Any CPU.Build.0 = Release|Any CPU
	EndGlobalSection
	GlobalSection(SolutionProperties) = preSolution
		HideSolutionNode = FALSE
	EndGlobalSection
	GlobalSection(ExtensibilityGlobals) = postSolution
		SolutionGuid = {D952E276-5D2E-4E71-838E-AC8385F979EB}
	EndGlobalSection
EndGlobal
